// !$*UTF8*$!
{
	archiveVersion = 1;
	classes = {
	};
	objectVersion = 55;
	objects = {

/* Begin PBXBuildFile section */
		84077DD527BD0CDE00F2DE1F /* HTTPClient.swift in Sources */ = {isa = PBXBuildFile; fileRef = 84077DD427BD0CDE00F2DE1F /* HTTPClient.swift */; };
		84077DD727BD0D0700F2DE1F /* FeedItemsMapper.swift in Sources */ = {isa = PBXBuildFile; fileRef = 84077DD627BD0D0700F2DE1F /* FeedItemsMapper.swift */; };
		841E745327BFF8C60056CE08 /* URLSessionHTTPClientTests.swift in Sources */ = {isa = PBXBuildFile; fileRef = 841E745227BFF8C60056CE08 /* URLSessionHTTPClientTests.swift */; };
		8422202627D90B1F00486A18 /* RemoteFeedItem.swift in Sources */ = {isa = PBXBuildFile; fileRef = 8422202527D90B1F00486A18 /* RemoteFeedItem.swift */; };
		8422202827D90B3B00486A18 /* LocalFeedImage.swift in Sources */ = {isa = PBXBuildFile; fileRef = 8422202727D90B3B00486A18 /* LocalFeedImage.swift */; };
		84309C7A27BA71CD00BAE5E0 /* RemoteFeedLoader.swift in Sources */ = {isa = PBXBuildFile; fileRef = 84309C7927BA71CD00BAE5E0 /* RemoteFeedLoader.swift */; };
		843452FB285EFF4400EC5AB0 /* UIView+Shimmering.swift in Sources */ = {isa = PBXBuildFile; fileRef = 843452FA285EFF4400EC5AB0 /* UIView+Shimmering.swift */; };
		843D7AB827D102DC0005BC82 /* CacheFeedUseCaseTests.swift in Sources */ = {isa = PBXBuildFile; fileRef = 843D7AB727D102DC0005BC82 /* CacheFeedUseCaseTests.swift */; };
		8449E43128775A13001B7FCF /* FeedViewModel.swift in Sources */ = {isa = PBXBuildFile; fileRef = 8449E43028775A13001B7FCF /* FeedViewModel.swift */; };
		8449E43328775A37001B7FCF /* FeedLoadingViewModel.swift in Sources */ = {isa = PBXBuildFile; fileRef = 8449E43228775A37001B7FCF /* FeedLoadingViewModel.swift */; };
		8449E43528775A4D001B7FCF /* FeedErrorViewModel.swift in Sources */ = {isa = PBXBuildFile; fileRef = 8449E43428775A4D001B7FCF /* FeedErrorViewModel.swift */; };
		8449E43628775C7D001B7FCF /* FeedLocalizationTests.swift in Sources */ = {isa = PBXBuildFile; fileRef = 84B40CE6286D88F300F037D7 /* FeedLocalizationTests.swift */; };
		8449E4382878522E001B7FCF /* FeedImagePresenterTests.swift in Sources */ = {isa = PBXBuildFile; fileRef = 8449E4372878522E001B7FCF /* FeedImagePresenterTests.swift */; };
		8449E43A28786DCD001B7FCF /* FeedImagePresenter.swift in Sources */ = {isa = PBXBuildFile; fileRef = 8449E43928786DCD001B7FCF /* FeedImagePresenter.swift */; };
		8449E43C28786EE1001B7FCF /* FeedImageViewModel.swift in Sources */ = {isa = PBXBuildFile; fileRef = 8449E43B28786EE1001B7FCF /* FeedImageViewModel.swift */; };
		8483295427EB5781008F3B64 /* ValidateFeedCacheUseCaseTests.swift in Sources */ = {isa = PBXBuildFile; fileRef = 8483295327EB5781008F3B64 /* ValidateFeedCacheUseCaseTests.swift */; };
		84899DCA27C1FF1D00335D1A /* XCTTestCase+MemoryLeakTracking.swift in Sources */ = {isa = PBXBuildFile; fileRef = 84899DC927C1FF1D00335D1A /* XCTTestCase+MemoryLeakTracking.swift */; };
		84899DCC27C228B200335D1A /* URLSessionHTTPClient.swift in Sources */ = {isa = PBXBuildFile; fileRef = 84899DCB27C228B200335D1A /* URLSessionHTTPClient.swift */; };
		84899E0327C24A0900335D1A /* EssentialFeedAPIEndToEndTests.swift in Sources */ = {isa = PBXBuildFile; fileRef = 84899E0227C24A0900335D1A /* EssentialFeedAPIEndToEndTests.swift */; };
		84899E0427C24A0900335D1A /* EssentialFeed.framework in Frameworks */ = {isa = PBXBuildFile; fileRef = 84DE0C8A27B93F22002108C2 /* EssentialFeed.framework */; };
		84899E0A27C26B4F00335D1A /* XCTTestCase+MemoryLeakTracking.swift in Sources */ = {isa = PBXBuildFile; fileRef = 84899DC927C1FF1D00335D1A /* XCTTestCase+MemoryLeakTracking.swift */; };
		849F8615287AA9BB00619C31 /* FeedImageDataLoader.swift in Sources */ = {isa = PBXBuildFile; fileRef = 84AD1DCF2864438D00CE9295 /* FeedImageDataLoader.swift */; };
		849F8617287AAA9E00619C31 /* RemoteFeedImageDataLoaderTests.swift in Sources */ = {isa = PBXBuildFile; fileRef = 849F8616287AAA9E00619C31 /* RemoteFeedImageDataLoaderTests.swift */; };
		849F861A287C3E5800619C31 /* HTTPClientSpy.swift in Sources */ = {isa = PBXBuildFile; fileRef = 849F8619287C3E5800619C31 /* HTTPClientSpy.swift */; };
		849F861C287C3F5000619C31 /* RemoteFeedImageDataLoader.swift in Sources */ = {isa = PBXBuildFile; fileRef = 849F861B287C3F5000619C31 /* RemoteFeedImageDataLoader.swift */; };
		849F861F287C526A00619C31 /* HTTPURLResponse+StatusCode.swift in Sources */ = {isa = PBXBuildFile; fileRef = 849F861E287C526A00619C31 /* HTTPURLResponse+StatusCode.swift */; };
		849F8CC8282FE1EA008533E7 /* FeedUIIntegrationTests.swift in Sources */ = {isa = PBXBuildFile; fileRef = 849F8CC7282FE1EA008533E7 /* FeedUIIntegrationTests.swift */; };
		849F8CC9282FE574008533E7 /* XCTTestCase+MemoryLeakTracking.swift in Sources */ = {isa = PBXBuildFile; fileRef = 84899DC927C1FF1D00335D1A /* XCTTestCase+MemoryLeakTracking.swift */; };
		849F8CCB282FF252008533E7 /* FeedViewController.swift in Sources */ = {isa = PBXBuildFile; fileRef = 849F8CCA282FF252008533E7 /* FeedViewController.swift */; };
		84AD1DDA286454BA00CE9295 /* FeedImageCellController.swift in Sources */ = {isa = PBXBuildFile; fileRef = 84AD1DD9286454BA00CE9295 /* FeedImageCellController.swift */; };
		84AD1DDF2864746800CE9295 /* FeedUIComposer.swift in Sources */ = {isa = PBXBuildFile; fileRef = 84AD1DDE2864746800CE9295 /* FeedUIComposer.swift */; };
		84B01F5B2851DC490016A196 /* FeedImageCell.swift in Sources */ = {isa = PBXBuildFile; fileRef = 84B01F5A2851DC490016A196 /* FeedImageCell.swift */; };
		84B40CD5286C728700F037D7 /* Feed.storyboard in Resources */ = {isa = PBXBuildFile; fileRef = 84B40CD4286C728700F037D7 /* Feed.storyboard */; };
		84B40CD7286C734600F037D7 /* Feed.xcassets in Resources */ = {isa = PBXBuildFile; fileRef = 84B40CD6286C734600F037D7 /* Feed.xcassets */; };
		84B40CD9286C807700F037D7 /* UITableView+Dequeueing.swift in Sources */ = {isa = PBXBuildFile; fileRef = 84B40CD8286C807700F037D7 /* UITableView+Dequeueing.swift */; };
		84B40CDB286C820500F037D7 /* UIImageView+Animations.swift in Sources */ = {isa = PBXBuildFile; fileRef = 84B40CDA286C820500F037D7 /* UIImageView+Animations.swift */; };
		84B40CDF286D64FB00F037D7 /* FeedViewControllerTests+Localization.swift in Sources */ = {isa = PBXBuildFile; fileRef = 84B40CDE286D64FB00F037D7 /* FeedViewControllerTests+Localization.swift */; };
		84B40CE92872D9A400F037D7 /* MainQueueDispatchDecorator.swift in Sources */ = {isa = PBXBuildFile; fileRef = 84B40CE82872D9A400F037D7 /* MainQueueDispatchDecorator.swift */; };
		84B9064627EF50280023B164 /* FeedCacheTestHelpers.swift in Sources */ = {isa = PBXBuildFile; fileRef = 84B9064527EF50280023B164 /* FeedCacheTestHelpers.swift */; };
		84B9064827EF50EB0023B164 /* SharedTestHelpers.swift in Sources */ = {isa = PBXBuildFile; fileRef = 84B9064727EF50EB0023B164 /* SharedTestHelpers.swift */; };
		84BD90F427F1DC9C00F5E447 /* CodableFeedStore.swift in Sources */ = {isa = PBXBuildFile; fileRef = 84BD90F327F1DC9C00F5E447 /* CodableFeedStore.swift */; };
		84D2775527DA5FF000D18602 /* LoadFeedFromCacheUseCaseTests.swift in Sources */ = {isa = PBXBuildFile; fileRef = 84D2775427DA5FF000D18602 /* LoadFeedFromCacheUseCaseTests.swift */; };
		84D2775827DA61C200D18602 /* FeedStoreSpy.swift in Sources */ = {isa = PBXBuildFile; fileRef = 84D2775727DA61C200D18602 /* FeedStoreSpy.swift */; };
		84D8BBE127F07549009DCBF8 /* CodableFeedStoreTests.swift in Sources */ = {isa = PBXBuildFile; fileRef = 84D8BBE027F07549009DCBF8 /* CodableFeedStoreTests.swift */; };
		84D9BB2027F029AE00C3F6A7 /* FeedCachePolicy.swift in Sources */ = {isa = PBXBuildFile; fileRef = 84D9BB1F27F029AE00C3F6A7 /* FeedCachePolicy.swift */; };
		84DE0C8F27B93F22002108C2 /* EssentialFeed.docc in Sources */ = {isa = PBXBuildFile; fileRef = 84DE0C8E27B93F22002108C2 /* EssentialFeed.docc */; };
		84DE0C9527B93F22002108C2 /* EssentialFeed.framework in Frameworks */ = {isa = PBXBuildFile; fileRef = 84DE0C8A27B93F22002108C2 /* EssentialFeed.framework */; };
		84DE0C9A27B93F22002108C2 /* EssentialFeedTests.swift in Sources */ = {isa = PBXBuildFile; fileRef = 84DE0C9927B93F22002108C2 /* EssentialFeedTests.swift */; };
		84DE0C9B27B93F22002108C2 /* EssentialFeed.h in Headers */ = {isa = PBXBuildFile; fileRef = 84DE0C8D27B93F22002108C2 /* EssentialFeed.h */; settings = {ATTRIBUTES = (Public, ); }; };
		84DE0CA527B93F64002108C2 /* FeedImage.swift in Sources */ = {isa = PBXBuildFile; fileRef = 84DE0CA427B93F64002108C2 /* FeedImage.swift */; };
		84DE0CA727B93FCC002108C2 /* FeedLoader.swift in Sources */ = {isa = PBXBuildFile; fileRef = 84DE0CA627B93FCC002108C2 /* FeedLoader.swift */; };
		84DE0CAA27B941F3002108C2 /* LoadFeedFromRemoteUseCaseTests.swift in Sources */ = {isa = PBXBuildFile; fileRef = 84DE0CA927B941F3002108C2 /* LoadFeedFromRemoteUseCaseTests.swift */; };
		84E0AA3B282F6D6F003FABCD /* EssentialFeediOS.docc in Sources */ = {isa = PBXBuildFile; fileRef = 84E0AA3A282F6D6F003FABCD /* EssentialFeediOS.docc */; };
		84E0AA41282F6D6F003FABCD /* EssentialFeediOS.framework in Frameworks */ = {isa = PBXBuildFile; fileRef = 84E0AA37282F6D6F003FABCD /* EssentialFeediOS.framework */; };
		84EAA62D27D7BE6C006873CC /* LocalFeedLoader.swift in Sources */ = {isa = PBXBuildFile; fileRef = 84EAA62C27D7BE6C006873CC /* LocalFeedLoader.swift */; };
		84EAA62F27D7BF13006873CC /* FeedStore.swift in Sources */ = {isa = PBXBuildFile; fileRef = 84EAA62E27D7BF13006873CC /* FeedStore.swift */; };
		84EB105F27F32AE6004AFACE /* FeedStoreSpecs.swift in Sources */ = {isa = PBXBuildFile; fileRef = 84EB105E27F32AE6004AFACE /* FeedStoreSpecs.swift */; };
		84F63B3A27F361B20076FF8A /* XCTestCase+FeedStoreSpecs.swift in Sources */ = {isa = PBXBuildFile; fileRef = 84F63B3927F361B20076FF8A /* XCTestCase+FeedStoreSpecs.swift */; };
		84F63B3C27F366DB0076FF8A /* XCTestCase+FailableRetrieveFeedStoreSpecs.swift in Sources */ = {isa = PBXBuildFile; fileRef = 84F63B3B27F366DB0076FF8A /* XCTestCase+FailableRetrieveFeedStoreSpecs.swift */; };
		84F63B3E27F367A80076FF8A /* XCTestCase+FailableInsertFeedStoreSpecs.swift in Sources */ = {isa = PBXBuildFile; fileRef = 84F63B3D27F367A80076FF8A /* XCTestCase+FailableInsertFeedStoreSpecs.swift */; };
		84F63B4027F368450076FF8A /* XCTestCase+FailableDeleteFeedStoreSpecs.swift in Sources */ = {isa = PBXBuildFile; fileRef = 84F63B3F27F368450076FF8A /* XCTestCase+FailableDeleteFeedStoreSpecs.swift */; };
		84F79AD12875F8E800B3093E /* FeedPresenterTests.swift in Sources */ = {isa = PBXBuildFile; fileRef = 84F79AD02875F8E800B3093E /* FeedPresenterTests.swift */; };
		84F79AD32876055800B3093E /* ErrorView.swift in Sources */ = {isa = PBXBuildFile; fileRef = 84F79AD22876055800B3093E /* ErrorView.swift */; };
		84F79AD82876088400B3093E /* UIRefreshControl+Helpers.swift in Sources */ = {isa = PBXBuildFile; fileRef = 84F79AD72876088400B3093E /* UIRefreshControl+Helpers.swift */; };
		84F79AE22877568400B3093E /* FeedPresenter.swift in Sources */ = {isa = PBXBuildFile; fileRef = 84F79AE12877568400B3093E /* FeedPresenter.swift */; };
		84F79AE3287757A900B3093E /* Feed.strings in Resources */ = {isa = PBXBuildFile; fileRef = 84F79ADD2877462400B3093E /* Feed.strings */; };
/* End PBXBuildFile section */

/* Begin PBXContainerItemProxy section */
		84899E0527C24A0900335D1A /* PBXContainerItemProxy */ = {
			isa = PBXContainerItemProxy;
			containerPortal = 84DE0C8127B93F22002108C2 /* Project object */;
			proxyType = 1;
			remoteGlobalIDString = 84DE0C8927B93F22002108C2;
			remoteInfo = EssentialFeed;
		};
		84DE0C9627B93F22002108C2 /* PBXContainerItemProxy */ = {
			isa = PBXContainerItemProxy;
			containerPortal = 84DE0C8127B93F22002108C2 /* Project object */;
			proxyType = 1;
			remoteGlobalIDString = 84DE0C8927B93F22002108C2;
			remoteInfo = EssentialFeed;
		};
		84E0AA42282F6D6F003FABCD /* PBXContainerItemProxy */ = {
			isa = PBXContainerItemProxy;
			containerPortal = 84DE0C8127B93F22002108C2 /* Project object */;
			proxyType = 1;
			remoteGlobalIDString = 84E0AA36282F6D6F003FABCD;
			remoteInfo = EssentialFeediOS;
		};
/* End PBXContainerItemProxy section */

/* Begin PBXFileReference section */
		84077DD427BD0CDE00F2DE1F /* HTTPClient.swift */ = {isa = PBXFileReference; lastKnownFileType = sourcecode.swift; path = HTTPClient.swift; sourceTree = "<group>"; };
		84077DD627BD0D0700F2DE1F /* FeedItemsMapper.swift */ = {isa = PBXFileReference; lastKnownFileType = sourcecode.swift; path = FeedItemsMapper.swift; sourceTree = "<group>"; };
		841E745227BFF8C60056CE08 /* URLSessionHTTPClientTests.swift */ = {isa = PBXFileReference; lastKnownFileType = sourcecode.swift; path = URLSessionHTTPClientTests.swift; sourceTree = "<group>"; };
		8422202527D90B1F00486A18 /* RemoteFeedItem.swift */ = {isa = PBXFileReference; lastKnownFileType = sourcecode.swift; path = RemoteFeedItem.swift; sourceTree = "<group>"; };
		8422202727D90B3B00486A18 /* LocalFeedImage.swift */ = {isa = PBXFileReference; lastKnownFileType = sourcecode.swift; path = LocalFeedImage.swift; sourceTree = "<group>"; };
		84309C7927BA71CD00BAE5E0 /* RemoteFeedLoader.swift */ = {isa = PBXFileReference; lastKnownFileType = sourcecode.swift; path = RemoteFeedLoader.swift; sourceTree = "<group>"; };
		843452FA285EFF4400EC5AB0 /* UIView+Shimmering.swift */ = {isa = PBXFileReference; lastKnownFileType = sourcecode.swift; path = "UIView+Shimmering.swift"; sourceTree = "<group>"; };
		843D7AB727D102DC0005BC82 /* CacheFeedUseCaseTests.swift */ = {isa = PBXFileReference; lastKnownFileType = sourcecode.swift; path = CacheFeedUseCaseTests.swift; sourceTree = "<group>"; };
		8449E43028775A13001B7FCF /* FeedViewModel.swift */ = {isa = PBXFileReference; lastKnownFileType = sourcecode.swift; path = FeedViewModel.swift; sourceTree = "<group>"; };
		8449E43228775A37001B7FCF /* FeedLoadingViewModel.swift */ = {isa = PBXFileReference; lastKnownFileType = sourcecode.swift; path = FeedLoadingViewModel.swift; sourceTree = "<group>"; };
		8449E43428775A4D001B7FCF /* FeedErrorViewModel.swift */ = {isa = PBXFileReference; lastKnownFileType = sourcecode.swift; path = FeedErrorViewModel.swift; sourceTree = "<group>"; };
		8449E4372878522E001B7FCF /* FeedImagePresenterTests.swift */ = {isa = PBXFileReference; lastKnownFileType = sourcecode.swift; path = FeedImagePresenterTests.swift; sourceTree = "<group>"; };
		8449E43928786DCD001B7FCF /* FeedImagePresenter.swift */ = {isa = PBXFileReference; lastKnownFileType = sourcecode.swift; path = FeedImagePresenter.swift; sourceTree = "<group>"; };
		8449E43B28786EE1001B7FCF /* FeedImageViewModel.swift */ = {isa = PBXFileReference; lastKnownFileType = sourcecode.swift; path = FeedImageViewModel.swift; sourceTree = "<group>"; };
		8483295327EB5781008F3B64 /* ValidateFeedCacheUseCaseTests.swift */ = {isa = PBXFileReference; lastKnownFileType = sourcecode.swift; path = ValidateFeedCacheUseCaseTests.swift; sourceTree = "<group>"; };
		84899DC927C1FF1D00335D1A /* XCTTestCase+MemoryLeakTracking.swift */ = {isa = PBXFileReference; lastKnownFileType = sourcecode.swift; path = "XCTTestCase+MemoryLeakTracking.swift"; sourceTree = "<group>"; };
		84899DCB27C228B200335D1A /* URLSessionHTTPClient.swift */ = {isa = PBXFileReference; lastKnownFileType = sourcecode.swift; path = URLSessionHTTPClient.swift; sourceTree = "<group>"; };
		84899E0027C24A0900335D1A /* EssentialFeedAPIEndToEndTests.xctest */ = {isa = PBXFileReference; explicitFileType = wrapper.cfbundle; includeInIndex = 0; path = EssentialFeedAPIEndToEndTests.xctest; sourceTree = BUILT_PRODUCTS_DIR; };
		84899E0227C24A0900335D1A /* EssentialFeedAPIEndToEndTests.swift */ = {isa = PBXFileReference; lastKnownFileType = sourcecode.swift; path = EssentialFeedAPIEndToEndTests.swift; sourceTree = "<group>"; };
		849F8616287AAA9E00619C31 /* RemoteFeedImageDataLoaderTests.swift */ = {isa = PBXFileReference; lastKnownFileType = sourcecode.swift; path = RemoteFeedImageDataLoaderTests.swift; sourceTree = "<group>"; };
		849F8619287C3E5800619C31 /* HTTPClientSpy.swift */ = {isa = PBXFileReference; lastKnownFileType = sourcecode.swift; path = HTTPClientSpy.swift; sourceTree = "<group>"; };
		849F861B287C3F5000619C31 /* RemoteFeedImageDataLoader.swift */ = {isa = PBXFileReference; lastKnownFileType = sourcecode.swift; path = RemoteFeedImageDataLoader.swift; sourceTree = "<group>"; };
		849F861E287C526A00619C31 /* HTTPURLResponse+StatusCode.swift */ = {isa = PBXFileReference; lastKnownFileType = sourcecode.swift; path = "HTTPURLResponse+StatusCode.swift"; sourceTree = "<group>"; };
		849F8CC7282FE1EA008533E7 /* FeedUIIntegrationTests.swift */ = {isa = PBXFileReference; lastKnownFileType = sourcecode.swift; path = FeedUIIntegrationTests.swift; sourceTree = "<group>"; };
		849F8CCA282FF252008533E7 /* FeedViewController.swift */ = {isa = PBXFileReference; lastKnownFileType = sourcecode.swift; path = FeedViewController.swift; sourceTree = "<group>"; };
		84AD1DCF2864438D00CE9295 /* FeedImageDataLoader.swift */ = {isa = PBXFileReference; lastKnownFileType = sourcecode.swift; path = FeedImageDataLoader.swift; sourceTree = "<group>"; };
		84AD1DD9286454BA00CE9295 /* FeedImageCellController.swift */ = {isa = PBXFileReference; lastKnownFileType = sourcecode.swift; path = FeedImageCellController.swift; sourceTree = "<group>"; };
		84AD1DDE2864746800CE9295 /* FeedUIComposer.swift */ = {isa = PBXFileReference; lastKnownFileType = sourcecode.swift; path = FeedUIComposer.swift; sourceTree = "<group>"; };
		84B01F5A2851DC490016A196 /* FeedImageCell.swift */ = {isa = PBXFileReference; lastKnownFileType = sourcecode.swift; path = FeedImageCell.swift; sourceTree = "<group>"; };
		84B40CD4286C728700F037D7 /* Feed.storyboard */ = {isa = PBXFileReference; lastKnownFileType = file.storyboard; path = Feed.storyboard; sourceTree = "<group>"; };
		84B40CD6286C734600F037D7 /* Feed.xcassets */ = {isa = PBXFileReference; lastKnownFileType = folder.assetcatalog; path = Feed.xcassets; sourceTree = "<group>"; };
		84B40CD8286C807700F037D7 /* UITableView+Dequeueing.swift */ = {isa = PBXFileReference; lastKnownFileType = sourcecode.swift; path = "UITableView+Dequeueing.swift"; sourceTree = "<group>"; };
		84B40CDA286C820500F037D7 /* UIImageView+Animations.swift */ = {isa = PBXFileReference; lastKnownFileType = sourcecode.swift; path = "UIImageView+Animations.swift"; sourceTree = "<group>"; };
		84B40CDE286D64FB00F037D7 /* FeedViewControllerTests+Localization.swift */ = {isa = PBXFileReference; lastKnownFileType = sourcecode.swift; path = "FeedViewControllerTests+Localization.swift"; sourceTree = "<group>"; };
		84B40CE6286D88F300F037D7 /* FeedLocalizationTests.swift */ = {isa = PBXFileReference; lastKnownFileType = sourcecode.swift; path = FeedLocalizationTests.swift; sourceTree = "<group>"; };
		84B40CE82872D9A400F037D7 /* MainQueueDispatchDecorator.swift */ = {isa = PBXFileReference; lastKnownFileType = sourcecode.swift; path = MainQueueDispatchDecorator.swift; sourceTree = "<group>"; };
		84B9064527EF50280023B164 /* FeedCacheTestHelpers.swift */ = {isa = PBXFileReference; lastKnownFileType = sourcecode.swift; path = FeedCacheTestHelpers.swift; sourceTree = "<group>"; };
		84B9064727EF50EB0023B164 /* SharedTestHelpers.swift */ = {isa = PBXFileReference; lastKnownFileType = sourcecode.swift; path = SharedTestHelpers.swift; sourceTree = "<group>"; };
		84BD90F327F1DC9C00F5E447 /* CodableFeedStore.swift */ = {isa = PBXFileReference; lastKnownFileType = sourcecode.swift; path = CodableFeedStore.swift; sourceTree = "<group>"; };
		84D2775427DA5FF000D18602 /* LoadFeedFromCacheUseCaseTests.swift */ = {isa = PBXFileReference; lastKnownFileType = sourcecode.swift; path = LoadFeedFromCacheUseCaseTests.swift; sourceTree = "<group>"; };
		84D2775727DA61C200D18602 /* FeedStoreSpy.swift */ = {isa = PBXFileReference; lastKnownFileType = sourcecode.swift; path = FeedStoreSpy.swift; sourceTree = "<group>"; };
		84D8BBE027F07549009DCBF8 /* CodableFeedStoreTests.swift */ = {isa = PBXFileReference; lastKnownFileType = sourcecode.swift; path = CodableFeedStoreTests.swift; sourceTree = "<group>"; };
		84D9BB1F27F029AE00C3F6A7 /* FeedCachePolicy.swift */ = {isa = PBXFileReference; lastKnownFileType = sourcecode.swift; path = FeedCachePolicy.swift; sourceTree = "<group>"; };
		84DE0C8A27B93F22002108C2 /* EssentialFeed.framework */ = {isa = PBXFileReference; explicitFileType = wrapper.framework; includeInIndex = 0; path = EssentialFeed.framework; sourceTree = BUILT_PRODUCTS_DIR; };
		84DE0C8D27B93F22002108C2 /* EssentialFeed.h */ = {isa = PBXFileReference; lastKnownFileType = sourcecode.c.h; path = EssentialFeed.h; sourceTree = "<group>"; };
		84DE0C8E27B93F22002108C2 /* EssentialFeed.docc */ = {isa = PBXFileReference; lastKnownFileType = folder.documentationcatalog; path = EssentialFeed.docc; sourceTree = "<group>"; };
		84DE0C9427B93F22002108C2 /* EssentialFeedTests.xctest */ = {isa = PBXFileReference; explicitFileType = wrapper.cfbundle; includeInIndex = 0; path = EssentialFeedTests.xctest; sourceTree = BUILT_PRODUCTS_DIR; };
		84DE0C9927B93F22002108C2 /* EssentialFeedTests.swift */ = {isa = PBXFileReference; lastKnownFileType = sourcecode.swift; path = EssentialFeedTests.swift; sourceTree = "<group>"; };
		84DE0CA427B93F64002108C2 /* FeedImage.swift */ = {isa = PBXFileReference; lastKnownFileType = sourcecode.swift; path = FeedImage.swift; sourceTree = "<group>"; };
		84DE0CA627B93FCC002108C2 /* FeedLoader.swift */ = {isa = PBXFileReference; lastKnownFileType = sourcecode.swift; path = FeedLoader.swift; sourceTree = "<group>"; };
		84DE0CA927B941F3002108C2 /* LoadFeedFromRemoteUseCaseTests.swift */ = {isa = PBXFileReference; lastKnownFileType = sourcecode.swift; path = LoadFeedFromRemoteUseCaseTests.swift; sourceTree = "<group>"; };
		84E0AA37282F6D6F003FABCD /* EssentialFeediOS.framework */ = {isa = PBXFileReference; explicitFileType = wrapper.framework; includeInIndex = 0; path = EssentialFeediOS.framework; sourceTree = BUILT_PRODUCTS_DIR; };
		84E0AA3A282F6D6F003FABCD /* EssentialFeediOS.docc */ = {isa = PBXFileReference; lastKnownFileType = folder.documentationcatalog; path = EssentialFeediOS.docc; sourceTree = "<group>"; };
		84E0AA40282F6D6F003FABCD /* EssentialFeediOSTests.xctest */ = {isa = PBXFileReference; explicitFileType = wrapper.cfbundle; includeInIndex = 0; path = EssentialFeediOSTests.xctest; sourceTree = BUILT_PRODUCTS_DIR; };
		84EAA62C27D7BE6C006873CC /* LocalFeedLoader.swift */ = {isa = PBXFileReference; lastKnownFileType = sourcecode.swift; path = LocalFeedLoader.swift; sourceTree = "<group>"; };
		84EAA62E27D7BF13006873CC /* FeedStore.swift */ = {isa = PBXFileReference; lastKnownFileType = sourcecode.swift; path = FeedStore.swift; sourceTree = "<group>"; };
		84EB105E27F32AE6004AFACE /* FeedStoreSpecs.swift */ = {isa = PBXFileReference; lastKnownFileType = sourcecode.swift; path = FeedStoreSpecs.swift; sourceTree = "<group>"; };
		84F63B3927F361B20076FF8A /* XCTestCase+FeedStoreSpecs.swift */ = {isa = PBXFileReference; lastKnownFileType = sourcecode.swift; path = "XCTestCase+FeedStoreSpecs.swift"; sourceTree = "<group>"; };
		84F63B3B27F366DB0076FF8A /* XCTestCase+FailableRetrieveFeedStoreSpecs.swift */ = {isa = PBXFileReference; lastKnownFileType = sourcecode.swift; path = "XCTestCase+FailableRetrieveFeedStoreSpecs.swift"; sourceTree = "<group>"; };
		84F63B3D27F367A80076FF8A /* XCTestCase+FailableInsertFeedStoreSpecs.swift */ = {isa = PBXFileReference; lastKnownFileType = sourcecode.swift; path = "XCTestCase+FailableInsertFeedStoreSpecs.swift"; sourceTree = "<group>"; };
		84F63B3F27F368450076FF8A /* XCTestCase+FailableDeleteFeedStoreSpecs.swift */ = {isa = PBXFileReference; lastKnownFileType = sourcecode.swift; path = "XCTestCase+FailableDeleteFeedStoreSpecs.swift"; sourceTree = "<group>"; };
		84F79AD02875F8E800B3093E /* FeedPresenterTests.swift */ = {isa = PBXFileReference; lastKnownFileType = sourcecode.swift; path = FeedPresenterTests.swift; sourceTree = "<group>"; };
		84F79AD22876055800B3093E /* ErrorView.swift */ = {isa = PBXFileReference; lastKnownFileType = sourcecode.swift; path = ErrorView.swift; sourceTree = "<group>"; };
		84F79AD72876088400B3093E /* UIRefreshControl+Helpers.swift */ = {isa = PBXFileReference; lastKnownFileType = sourcecode.swift; path = "UIRefreshControl+Helpers.swift"; sourceTree = "<group>"; };
		84F79ADC2877462400B3093E /* en */ = {isa = PBXFileReference; lastKnownFileType = text.plist.strings; name = en; path = en.lproj/Feed.strings; sourceTree = "<group>"; };
		84F79ADE2877462600B3093E /* el */ = {isa = PBXFileReference; lastKnownFileType = text.plist.strings; name = el; path = el.lproj/Feed.strings; sourceTree = "<group>"; };
		84F79ADF2877462800B3093E /* pt-BR */ = {isa = PBXFileReference; lastKnownFileType = text.plist.strings; name = "pt-BR"; path = "pt-BR.lproj/Feed.strings"; sourceTree = "<group>"; };
		84F79AE12877568400B3093E /* FeedPresenter.swift */ = {isa = PBXFileReference; lastKnownFileType = sourcecode.swift; path = FeedPresenter.swift; sourceTree = "<group>"; };
/* End PBXFileReference section */

/* Begin PBXFrameworksBuildPhase section */
		84899DFD27C24A0900335D1A /* Frameworks */ = {
			isa = PBXFrameworksBuildPhase;
			buildActionMask = 2147483647;
			files = (
				84899E0427C24A0900335D1A /* EssentialFeed.framework in Frameworks */,
			);
			runOnlyForDeploymentPostprocessing = 0;
		};
		84DE0C8727B93F22002108C2 /* Frameworks */ = {
			isa = PBXFrameworksBuildPhase;
			buildActionMask = 2147483647;
			files = (
			);
			runOnlyForDeploymentPostprocessing = 0;
		};
		84DE0C9127B93F22002108C2 /* Frameworks */ = {
			isa = PBXFrameworksBuildPhase;
			buildActionMask = 2147483647;
			files = (
				84DE0C9527B93F22002108C2 /* EssentialFeed.framework in Frameworks */,
			);
			runOnlyForDeploymentPostprocessing = 0;
		};
		84E0AA34282F6D6F003FABCD /* Frameworks */ = {
			isa = PBXFrameworksBuildPhase;
			buildActionMask = 2147483647;
			files = (
			);
			runOnlyForDeploymentPostprocessing = 0;
		};
		84E0AA3D282F6D6F003FABCD /* Frameworks */ = {
			isa = PBXFrameworksBuildPhase;
			buildActionMask = 2147483647;
			files = (
				84E0AA41282F6D6F003FABCD /* EssentialFeediOS.framework in Frameworks */,
			);
			runOnlyForDeploymentPostprocessing = 0;
		};
/* End PBXFrameworksBuildPhase section */

/* Begin PBXGroup section */
		84077DD827BD44BF00F2DE1F /* Feed API */ = {
			isa = PBXGroup;
			children = (
				849F8618287C3E4F00619C31 /* Helpers */,
				84DE0CA927B941F3002108C2 /* LoadFeedFromRemoteUseCaseTests.swift */,
				841E745227BFF8C60056CE08 /* URLSessionHTTPClientTests.swift */,
				849F8616287AAA9E00619C31 /* RemoteFeedImageDataLoaderTests.swift */,
			);
			path = "Feed API";
			sourceTree = "<group>";
		};
		84309C7827BA71A700BAE5E0 /* Feed API */ = {
			isa = PBXGroup;
			children = (
				849F861D287C525D00619C31 /* Helpers */,
				84309C7927BA71CD00BAE5E0 /* RemoteFeedLoader.swift */,
				84077DD427BD0CDE00F2DE1F /* HTTPClient.swift */,
				84077DD627BD0D0700F2DE1F /* FeedItemsMapper.swift */,
				84899DCB27C228B200335D1A /* URLSessionHTTPClient.swift */,
				8422202527D90B1F00486A18 /* RemoteFeedItem.swift */,
				849F861B287C3F5000619C31 /* RemoteFeedImageDataLoader.swift */,
			);
			path = "Feed API";
			sourceTree = "<group>";
		};
		843D7AB627D102A30005BC82 /* Feed Cache */ = {
			isa = PBXGroup;
			children = (
				84D2775627DA61AF00D18602 /* Helpers */,
				843D7AB727D102DC0005BC82 /* CacheFeedUseCaseTests.swift */,
				84D2775427DA5FF000D18602 /* LoadFeedFromCacheUseCaseTests.swift */,
				8483295327EB5781008F3B64 /* ValidateFeedCacheUseCaseTests.swift */,
				84D8BBE027F07549009DCBF8 /* CodableFeedStoreTests.swift */,
				84EB105E27F32AE6004AFACE /* FeedStoreSpecs.swift */,
				84F63B3927F361B20076FF8A /* XCTestCase+FeedStoreSpecs.swift */,
				84F63B3B27F366DB0076FF8A /* XCTestCase+FailableRetrieveFeedStoreSpecs.swift */,
				84F63B3D27F367A80076FF8A /* XCTestCase+FailableInsertFeedStoreSpecs.swift */,
				84F63B3F27F368450076FF8A /* XCTestCase+FailableDeleteFeedStoreSpecs.swift */,
			);
			path = "Feed Cache";
			sourceTree = "<group>";
		};
		84899DC827C1FEF000335D1A /* Helpers */ = {
			isa = PBXGroup;
			children = (
				84899DC927C1FF1D00335D1A /* XCTTestCase+MemoryLeakTracking.swift */,
				84B9064727EF50EB0023B164 /* SharedTestHelpers.swift */,
			);
			path = Helpers;
			sourceTree = "<group>";
		};
		84899E0127C24A0900335D1A /* EssentialFeedAPIEndToEndTests */ = {
			isa = PBXGroup;
			children = (
				84899E0227C24A0900335D1A /* EssentialFeedAPIEndToEndTests.swift */,
			);
			path = EssentialFeedAPIEndToEndTests;
			sourceTree = "<group>";
		};
		849F8618287C3E4F00619C31 /* Helpers */ = {
			isa = PBXGroup;
			children = (
				849F8619287C3E5800619C31 /* HTTPClientSpy.swift */,
			);
			path = Helpers;
			sourceTree = "<group>";
		};
		849F861D287C525D00619C31 /* Helpers */ = {
			isa = PBXGroup;
			children = (
				849F861E287C526A00619C31 /* HTTPURLResponse+StatusCode.swift */,
			);
			path = Helpers;
			sourceTree = "<group>";
		};
		84AD1DCD2864433D00CE9295 /* Views */ = {
			isa = PBXGroup;
			children = (
				84F79AD62876087200B3093E /* Helpers */,
				84B01F5A2851DC490016A196 /* FeedImageCell.swift */,
				84B40CD4286C728700F037D7 /* Feed.storyboard */,
				84B40CD6286C734600F037D7 /* Feed.xcassets */,
				84F79AD22876055800B3093E /* ErrorView.swift */,
			);
			path = Views;
			sourceTree = "<group>";
		};
		84AD1DCE2864435100CE9295 /* Feed Image Loader */ = {
			isa = PBXGroup;
			children = (
			);
			path = "Feed Image Loader";
			sourceTree = "<group>";
		};
		84AD1DD12864439500CE9295 /* Feed UI */ = {
			isa = PBXGroup;
			children = (
				84AD1DDB2864744400CE9295 /* Composers */,
				84AD1DD2286443A400CE9295 /* Controllers */,
				84AD1DCD2864433D00CE9295 /* Views */,
			);
			path = "Feed UI";
			sourceTree = "<group>";
		};
		84AD1DD2286443A400CE9295 /* Controllers */ = {
			isa = PBXGroup;
			children = (
				849F8CCA282FF252008533E7 /* FeedViewController.swift */,
				84AD1DD9286454BA00CE9295 /* FeedImageCellController.swift */,
			);
			path = Controllers;
			sourceTree = "<group>";
		};
		84AD1DD3286443B800CE9295 /* Helpers */ = {
			isa = PBXGroup;
			children = (
				84B40CDE286D64FB00F037D7 /* FeedViewControllerTests+Localization.swift */,
			);
			path = Helpers;
			sourceTree = "<group>";
		};
		84AD1DD4286443BE00CE9295 /* Feed UI */ = {
			isa = PBXGroup;
			children = (
				84AD1DD3286443B800CE9295 /* Helpers */,
				849F8CC7282FE1EA008533E7 /* FeedUIIntegrationTests.swift */,
			);
			path = "Feed UI";
			sourceTree = "<group>";
		};
		84AD1DDB2864744400CE9295 /* Composers */ = {
			isa = PBXGroup;
			children = (
				84AD1DDE2864746800CE9295 /* FeedUIComposer.swift */,
				84B40CE82872D9A400F037D7 /* MainQueueDispatchDecorator.swift */,
			);
			path = Composers;
			sourceTree = "<group>";
		};
		84D2775627DA61AF00D18602 /* Helpers */ = {
			isa = PBXGroup;
			children = (
				84D2775727DA61C200D18602 /* FeedStoreSpy.swift */,
				84B9064527EF50280023B164 /* FeedCacheTestHelpers.swift */,
			);
			path = Helpers;
			sourceTree = "<group>";
		};
		84DE0C8027B93F22002108C2 = {
			isa = PBXGroup;
			children = (
				84DE0C8C27B93F22002108C2 /* EssentialFeed */,
				84DE0C9827B93F22002108C2 /* EssentialFeedTests */,
				84899E0127C24A0900335D1A /* EssentialFeedAPIEndToEndTests */,
				84E0AA38282F6D6F003FABCD /* EssentialFeediOS */,
				84E0AA44282F6D6F003FABCD /* EssentialFeediOSTests */,
				84DE0C8B27B93F22002108C2 /* Products */,
			);
			sourceTree = "<group>";
		};
		84DE0C8B27B93F22002108C2 /* Products */ = {
			isa = PBXGroup;
			children = (
				84DE0C8A27B93F22002108C2 /* EssentialFeed.framework */,
				84DE0C9427B93F22002108C2 /* EssentialFeedTests.xctest */,
				84899E0027C24A0900335D1A /* EssentialFeedAPIEndToEndTests.xctest */,
				84E0AA37282F6D6F003FABCD /* EssentialFeediOS.framework */,
				84E0AA40282F6D6F003FABCD /* EssentialFeediOSTests.xctest */,
			);
			name = Products;
			sourceTree = "<group>";
		};
		84DE0C8C27B93F22002108C2 /* EssentialFeed */ = {
			isa = PBXGroup;
			children = (
				84F79AE0287755AD00B3093E /* Feed Presentation */,
				84EAA62B27D7BE57006873CC /* Feed Cache */,
				84DE0C8D27B93F22002108C2 /* EssentialFeed.h */,
				84DE0CA827B9407E002108C2 /* FeedFeature */,
				84309C7827BA71A700BAE5E0 /* Feed API */,
				84DE0C8E27B93F22002108C2 /* EssentialFeed.docc */,
			);
			path = EssentialFeed;
			sourceTree = "<group>";
		};
		84DE0C9827B93F22002108C2 /* EssentialFeedTests */ = {
			isa = PBXGroup;
			children = (
				84F79ACF2875F8C900B3093E /* Feed Presentation */,
				84899DC827C1FEF000335D1A /* Helpers */,
				843D7AB627D102A30005BC82 /* Feed Cache */,
				84077DD827BD44BF00F2DE1F /* Feed API */,
				84DE0C9927B93F22002108C2 /* EssentialFeedTests.swift */,
			);
			path = EssentialFeedTests;
			sourceTree = "<group>";
		};
		84DE0CA827B9407E002108C2 /* FeedFeature */ = {
			isa = PBXGroup;
			children = (
				84DE0CA427B93F64002108C2 /* FeedImage.swift */,
				84DE0CA627B93FCC002108C2 /* FeedLoader.swift */,
				84AD1DCF2864438D00CE9295 /* FeedImageDataLoader.swift */,
			);
			path = FeedFeature;
			sourceTree = "<group>";
		};
		84E0AA38282F6D6F003FABCD /* EssentialFeediOS */ = {
			isa = PBXGroup;
			children = (
				84AD1DCE2864435100CE9295 /* Feed Image Loader */,
				84AD1DD12864439500CE9295 /* Feed UI */,
				84E0AA3A282F6D6F003FABCD /* EssentialFeediOS.docc */,
			);
			path = EssentialFeediOS;
			sourceTree = "<group>";
		};
		84E0AA44282F6D6F003FABCD /* EssentialFeediOSTests */ = {
			isa = PBXGroup;
			children = (
				84AD1DD4286443BE00CE9295 /* Feed UI */,
			);
			path = EssentialFeediOSTests;
			sourceTree = "<group>";
		};
		84EAA62B27D7BE57006873CC /* Feed Cache */ = {
			isa = PBXGroup;
			children = (
				8422202727D90B3B00486A18 /* LocalFeedImage.swift */,
				84EAA62C27D7BE6C006873CC /* LocalFeedLoader.swift */,
				84EAA62E27D7BF13006873CC /* FeedStore.swift */,
				84D9BB1F27F029AE00C3F6A7 /* FeedCachePolicy.swift */,
				84BD90F327F1DC9C00F5E447 /* CodableFeedStore.swift */,
			);
			path = "Feed Cache";
			sourceTree = "<group>";
		};
		84F79ACF2875F8C900B3093E /* Feed Presentation */ = {
			isa = PBXGroup;
			children = (
				84F79AD02875F8E800B3093E /* FeedPresenterTests.swift */,
				84B40CE6286D88F300F037D7 /* FeedLocalizationTests.swift */,
				8449E4372878522E001B7FCF /* FeedImagePresenterTests.swift */,
			);
			path = "Feed Presentation";
			sourceTree = "<group>";
		};
		84F79AD62876087200B3093E /* Helpers */ = {
			isa = PBXGroup;
			children = (
				84F79AD72876088400B3093E /* UIRefreshControl+Helpers.swift */,
				843452FA285EFF4400EC5AB0 /* UIView+Shimmering.swift */,
				84B40CD8286C807700F037D7 /* UITableView+Dequeueing.swift */,
				84B40CDA286C820500F037D7 /* UIImageView+Animations.swift */,
			);
			path = Helpers;
			sourceTree = "<group>";
		};
		84F79AE0287755AD00B3093E /* Feed Presentation */ = {
			isa = PBXGroup;
			children = (
				84F79AE12877568400B3093E /* FeedPresenter.swift */,
				8449E43028775A13001B7FCF /* FeedViewModel.swift */,
				8449E43228775A37001B7FCF /* FeedLoadingViewModel.swift */,
				8449E43428775A4D001B7FCF /* FeedErrorViewModel.swift */,
				8449E43928786DCD001B7FCF /* FeedImagePresenter.swift */,
				8449E43B28786EE1001B7FCF /* FeedImageViewModel.swift */,
				84F79ADD2877462400B3093E /* Feed.strings */,
			);
			path = "Feed Presentation";
			sourceTree = "<group>";
		};
/* End PBXGroup section */

/* Begin PBXHeadersBuildPhase section */
		84DE0C8527B93F22002108C2 /* Headers */ = {
			isa = PBXHeadersBuildPhase;
			buildActionMask = 2147483647;
			files = (
				84DE0C9B27B93F22002108C2 /* EssentialFeed.h in Headers */,
			);
			runOnlyForDeploymentPostprocessing = 0;
		};
		84E0AA32282F6D6F003FABCD /* Headers */ = {
			isa = PBXHeadersBuildPhase;
			buildActionMask = 2147483647;
			files = (
			);
			runOnlyForDeploymentPostprocessing = 0;
		};
/* End PBXHeadersBuildPhase section */

/* Begin PBXNativeTarget section */
		84899DFF27C24A0900335D1A /* EssentialFeedAPIEndToEndTests */ = {
			isa = PBXNativeTarget;
			buildConfigurationList = 84899E0927C24A0900335D1A /* Build configuration list for PBXNativeTarget "EssentialFeedAPIEndToEndTests" */;
			buildPhases = (
				84899DFC27C24A0900335D1A /* Sources */,
				84899DFD27C24A0900335D1A /* Frameworks */,
				84899DFE27C24A0900335D1A /* Resources */,
			);
			buildRules = (
			);
			dependencies = (
				84899E0627C24A0900335D1A /* PBXTargetDependency */,
			);
			name = EssentialFeedAPIEndToEndTests;
			productName = EssentialFeedAPIEndToEndTests;
			productReference = 84899E0027C24A0900335D1A /* EssentialFeedAPIEndToEndTests.xctest */;
			productType = "com.apple.product-type.bundle.unit-test";
		};
		84DE0C8927B93F22002108C2 /* EssentialFeed */ = {
			isa = PBXNativeTarget;
			buildConfigurationList = 84DE0C9E27B93F22002108C2 /* Build configuration list for PBXNativeTarget "EssentialFeed" */;
			buildPhases = (
				84DE0C8527B93F22002108C2 /* Headers */,
				84DE0C8627B93F22002108C2 /* Sources */,
				84DE0C8727B93F22002108C2 /* Frameworks */,
				84DE0C8827B93F22002108C2 /* Resources */,
			);
			buildRules = (
			);
			dependencies = (
			);
			name = EssentialFeed;
			productName = EssentialFeed;
			productReference = 84DE0C8A27B93F22002108C2 /* EssentialFeed.framework */;
			productType = "com.apple.product-type.framework";
		};
		84DE0C9327B93F22002108C2 /* EssentialFeedTests */ = {
			isa = PBXNativeTarget;
			buildConfigurationList = 84DE0CA127B93F22002108C2 /* Build configuration list for PBXNativeTarget "EssentialFeedTests" */;
			buildPhases = (
				84DE0C9027B93F22002108C2 /* Sources */,
				84DE0C9127B93F22002108C2 /* Frameworks */,
				84DE0C9227B93F22002108C2 /* Resources */,
			);
			buildRules = (
			);
			dependencies = (
				84DE0C9727B93F22002108C2 /* PBXTargetDependency */,
			);
			name = EssentialFeedTests;
			productName = EssentialFeedTests;
			productReference = 84DE0C9427B93F22002108C2 /* EssentialFeedTests.xctest */;
			productType = "com.apple.product-type.bundle.unit-test";
		};
		84E0AA36282F6D6F003FABCD /* EssentialFeediOS */ = {
			isa = PBXNativeTarget;
			buildConfigurationList = 84E0AA48282F6D6F003FABCD /* Build configuration list for PBXNativeTarget "EssentialFeediOS" */;
			buildPhases = (
				84E0AA32282F6D6F003FABCD /* Headers */,
				84E0AA33282F6D6F003FABCD /* Sources */,
				84E0AA34282F6D6F003FABCD /* Frameworks */,
				84E0AA35282F6D6F003FABCD /* Resources */,
			);
			buildRules = (
			);
			dependencies = (
			);
			name = EssentialFeediOS;
			productName = EssentialFeediOS;
			productReference = 84E0AA37282F6D6F003FABCD /* EssentialFeediOS.framework */;
			productType = "com.apple.product-type.framework";
		};
		84E0AA3F282F6D6F003FABCD /* EssentialFeediOSTests */ = {
			isa = PBXNativeTarget;
			buildConfigurationList = 84E0AA4B282F6D6F003FABCD /* Build configuration list for PBXNativeTarget "EssentialFeediOSTests" */;
			buildPhases = (
				84E0AA3C282F6D6F003FABCD /* Sources */,
				84E0AA3D282F6D6F003FABCD /* Frameworks */,
				84E0AA3E282F6D6F003FABCD /* Resources */,
			);
			buildRules = (
			);
			dependencies = (
				84E0AA43282F6D6F003FABCD /* PBXTargetDependency */,
			);
			name = EssentialFeediOSTests;
			productName = EssentialFeediOSTests;
			productReference = 84E0AA40282F6D6F003FABCD /* EssentialFeediOSTests.xctest */;
			productType = "com.apple.product-type.bundle.unit-test";
		};
/* End PBXNativeTarget section */

/* Begin PBXProject section */
		84DE0C8127B93F22002108C2 /* Project object */ = {
			isa = PBXProject;
			attributes = {
				BuildIndependentTargetsInParallel = 1;
				LastSwiftUpdateCheck = 1330;
				LastUpgradeCheck = 1320;
				TargetAttributes = {
					84899DFF27C24A0900335D1A = {
						CreatedOnToolsVersion = 13.2.1;
					};
					84DE0C8927B93F22002108C2 = {
						CreatedOnToolsVersion = 13.2.1;
					};
					84DE0C9327B93F22002108C2 = {
						CreatedOnToolsVersion = 13.2.1;
					};
					84E0AA36282F6D6F003FABCD = {
						CreatedOnToolsVersion = 13.3.1;
					};
					84E0AA3F282F6D6F003FABCD = {
						CreatedOnToolsVersion = 13.3.1;
						LastSwiftMigration = 1330;
					};
				};
			};
			buildConfigurationList = 84DE0C8427B93F22002108C2 /* Build configuration list for PBXProject "EssentialFeed" */;
			compatibilityVersion = "Xcode 13.0";
			developmentRegion = en;
			hasScannedForEncodings = 0;
			knownRegions = (
				en,
				Base,
				"pt-BR",
				el,
			);
			mainGroup = 84DE0C8027B93F22002108C2;
			productRefGroup = 84DE0C8B27B93F22002108C2 /* Products */;
			projectDirPath = "";
			projectRoot = "";
			targets = (
				84DE0C8927B93F22002108C2 /* EssentialFeed */,
				84DE0C9327B93F22002108C2 /* EssentialFeedTests */,
				84899DFF27C24A0900335D1A /* EssentialFeedAPIEndToEndTests */,
				84E0AA36282F6D6F003FABCD /* EssentialFeediOS */,
				84E0AA3F282F6D6F003FABCD /* EssentialFeediOSTests */,
			);
		};
/* End PBXProject section */

/* Begin PBXResourcesBuildPhase section */
		84899DFE27C24A0900335D1A /* Resources */ = {
			isa = PBXResourcesBuildPhase;
			buildActionMask = 2147483647;
			files = (
			);
			runOnlyForDeploymentPostprocessing = 0;
		};
		84DE0C8827B93F22002108C2 /* Resources */ = {
			isa = PBXResourcesBuildPhase;
			buildActionMask = 2147483647;
			files = (
				84F79AE3287757A900B3093E /* Feed.strings in Resources */,
			);
			runOnlyForDeploymentPostprocessing = 0;
		};
		84DE0C9227B93F22002108C2 /* Resources */ = {
			isa = PBXResourcesBuildPhase;
			buildActionMask = 2147483647;
			files = (
			);
			runOnlyForDeploymentPostprocessing = 0;
		};
		84E0AA35282F6D6F003FABCD /* Resources */ = {
			isa = PBXResourcesBuildPhase;
			buildActionMask = 2147483647;
			files = (
				84B40CD5286C728700F037D7 /* Feed.storyboard in Resources */,
				84B40CD7286C734600F037D7 /* Feed.xcassets in Resources */,
			);
			runOnlyForDeploymentPostprocessing = 0;
		};
		84E0AA3E282F6D6F003FABCD /* Resources */ = {
			isa = PBXResourcesBuildPhase;
			buildActionMask = 2147483647;
			files = (
			);
			runOnlyForDeploymentPostprocessing = 0;
		};
/* End PBXResourcesBuildPhase section */

/* Begin PBXSourcesBuildPhase section */
		84899DFC27C24A0900335D1A /* Sources */ = {
			isa = PBXSourcesBuildPhase;
			buildActionMask = 2147483647;
			files = (
				84899E0A27C26B4F00335D1A /* XCTTestCase+MemoryLeakTracking.swift in Sources */,
				84899E0327C24A0900335D1A /* EssentialFeedAPIEndToEndTests.swift in Sources */,
			);
			runOnlyForDeploymentPostprocessing = 0;
		};
		84DE0C8627B93F22002108C2 /* Sources */ = {
			isa = PBXSourcesBuildPhase;
			buildActionMask = 2147483647;
			files = (
				849F861F287C526A00619C31 /* HTTPURLResponse+StatusCode.swift in Sources */,
				849F8615287AA9BB00619C31 /* FeedImageDataLoader.swift in Sources */,
				8422202827D90B3B00486A18 /* LocalFeedImage.swift in Sources */,
				84EAA62F27D7BF13006873CC /* FeedStore.swift in Sources */,
				84899DCC27C228B200335D1A /* URLSessionHTTPClient.swift in Sources */,
				8449E43328775A37001B7FCF /* FeedLoadingViewModel.swift in Sources */,
				84309C7A27BA71CD00BAE5E0 /* RemoteFeedLoader.swift in Sources */,
				84077DD527BD0CDE00F2DE1F /* HTTPClient.swift in Sources */,
				8449E43128775A13001B7FCF /* FeedViewModel.swift in Sources */,
				84DE0CA727B93FCC002108C2 /* FeedLoader.swift in Sources */,
				84077DD727BD0D0700F2DE1F /* FeedItemsMapper.swift in Sources */,
				8422202627D90B1F00486A18 /* RemoteFeedItem.swift in Sources */,
				84BD90F427F1DC9C00F5E447 /* CodableFeedStore.swift in Sources */,
				849F861C287C3F5000619C31 /* RemoteFeedImageDataLoader.swift in Sources */,
				84D9BB2027F029AE00C3F6A7 /* FeedCachePolicy.swift in Sources */,
				84DE0CA527B93F64002108C2 /* FeedImage.swift in Sources */,
				8449E43C28786EE1001B7FCF /* FeedImageViewModel.swift in Sources */,
				84EAA62D27D7BE6C006873CC /* LocalFeedLoader.swift in Sources */,
				84F79AE22877568400B3093E /* FeedPresenter.swift in Sources */,
				84DE0C8F27B93F22002108C2 /* EssentialFeed.docc in Sources */,
				8449E43A28786DCD001B7FCF /* FeedImagePresenter.swift in Sources */,
				8449E43528775A4D001B7FCF /* FeedErrorViewModel.swift in Sources */,
			);
			runOnlyForDeploymentPostprocessing = 0;
		};
		84DE0C9027B93F22002108C2 /* Sources */ = {
			isa = PBXSourcesBuildPhase;
			buildActionMask = 2147483647;
			files = (
				84F63B3A27F361B20076FF8A /* XCTestCase+FeedStoreSpecs.swift in Sources */,
				84D8BBE127F07549009DCBF8 /* CodableFeedStoreTests.swift in Sources */,
				8449E43628775C7D001B7FCF /* FeedLocalizationTests.swift in Sources */,
				8449E4382878522E001B7FCF /* FeedImagePresenterTests.swift in Sources */,
				84DE0CAA27B941F3002108C2 /* LoadFeedFromRemoteUseCaseTests.swift in Sources */,
				84F63B3C27F366DB0076FF8A /* XCTestCase+FailableRetrieveFeedStoreSpecs.swift in Sources */,
				841E745327BFF8C60056CE08 /* URLSessionHTTPClientTests.swift in Sources */,
				84B9064827EF50EB0023B164 /* SharedTestHelpers.swift in Sources */,
				84F79AD12875F8E800B3093E /* FeedPresenterTests.swift in Sources */,
				84899DCA27C1FF1D00335D1A /* XCTTestCase+MemoryLeakTracking.swift in Sources */,
				849F8617287AAA9E00619C31 /* RemoteFeedImageDataLoaderTests.swift in Sources */,
				843D7AB827D102DC0005BC82 /* CacheFeedUseCaseTests.swift in Sources */,
				84B9064627EF50280023B164 /* FeedCacheTestHelpers.swift in Sources */,
				8483295427EB5781008F3B64 /* ValidateFeedCacheUseCaseTests.swift in Sources */,
				84D2775827DA61C200D18602 /* FeedStoreSpy.swift in Sources */,
				84D2775527DA5FF000D18602 /* LoadFeedFromCacheUseCaseTests.swift in Sources */,
				84F63B4027F368450076FF8A /* XCTestCase+FailableDeleteFeedStoreSpecs.swift in Sources */,
				84EB105F27F32AE6004AFACE /* FeedStoreSpecs.swift in Sources */,
				84DE0C9A27B93F22002108C2 /* EssentialFeedTests.swift in Sources */,
				849F861A287C3E5800619C31 /* HTTPClientSpy.swift in Sources */,
				84F63B3E27F367A80076FF8A /* XCTestCase+FailableInsertFeedStoreSpecs.swift in Sources */,
			);
			runOnlyForDeploymentPostprocessing = 0;
		};
		84E0AA33282F6D6F003FABCD /* Sources */ = {
			isa = PBXSourcesBuildPhase;
			buildActionMask = 2147483647;
			files = (
				84B40CE92872D9A400F037D7 /* MainQueueDispatchDecorator.swift in Sources */,
				84AD1DDF2864746800CE9295 /* FeedUIComposer.swift in Sources */,
				849F8CCB282FF252008533E7 /* FeedViewController.swift in Sources */,
				84B40CD9286C807700F037D7 /* UITableView+Dequeueing.swift in Sources */,
				84B40CDB286C820500F037D7 /* UIImageView+Animations.swift in Sources */,
				84AD1DDA286454BA00CE9295 /* FeedImageCellController.swift in Sources */,
				843452FB285EFF4400EC5AB0 /* UIView+Shimmering.swift in Sources */,
				84B01F5B2851DC490016A196 /* FeedImageCell.swift in Sources */,
				84E0AA3B282F6D6F003FABCD /* EssentialFeediOS.docc in Sources */,
				84F79AD82876088400B3093E /* UIRefreshControl+Helpers.swift in Sources */,
				84F79AD32876055800B3093E /* ErrorView.swift in Sources */,
			);
			runOnlyForDeploymentPostprocessing = 0;
		};
		84E0AA3C282F6D6F003FABCD /* Sources */ = {
			isa = PBXSourcesBuildPhase;
			buildActionMask = 2147483647;
			files = (
				849F8CC9282FE574008533E7 /* XCTTestCase+MemoryLeakTracking.swift in Sources */,
				849F8CC8282FE1EA008533E7 /* FeedUIIntegrationTests.swift in Sources */,
				84B40CDF286D64FB00F037D7 /* FeedViewControllerTests+Localization.swift in Sources */,
			);
			runOnlyForDeploymentPostprocessing = 0;
		};
/* End PBXSourcesBuildPhase section */

/* Begin PBXTargetDependency section */
		84899E0627C24A0900335D1A /* PBXTargetDependency */ = {
			isa = PBXTargetDependency;
			target = 84DE0C8927B93F22002108C2 /* EssentialFeed */;
			targetProxy = 84899E0527C24A0900335D1A /* PBXContainerItemProxy */;
		};
		84DE0C9727B93F22002108C2 /* PBXTargetDependency */ = {
			isa = PBXTargetDependency;
			target = 84DE0C8927B93F22002108C2 /* EssentialFeed */;
			targetProxy = 84DE0C9627B93F22002108C2 /* PBXContainerItemProxy */;
		};
		84E0AA43282F6D6F003FABCD /* PBXTargetDependency */ = {
			isa = PBXTargetDependency;
			target = 84E0AA36282F6D6F003FABCD /* EssentialFeediOS */;
			targetProxy = 84E0AA42282F6D6F003FABCD /* PBXContainerItemProxy */;
		};
/* End PBXTargetDependency section */

/* Begin PBXVariantGroup section */
		84F79ADD2877462400B3093E /* Feed.strings */ = {
			isa = PBXVariantGroup;
			children = (
				84F79ADC2877462400B3093E /* en */,
				84F79ADE2877462600B3093E /* el */,
				84F79ADF2877462800B3093E /* pt-BR */,
			);
			name = Feed.strings;
			sourceTree = "<group>";
		};
/* End PBXVariantGroup section */

/* Begin XCBuildConfiguration section */
		84899E0727C24A0900335D1A /* Debug */ = {
			isa = XCBuildConfiguration;
			buildSettings = {
				CODE_SIGN_STYLE = Automatic;
				CURRENT_PROJECT_VERSION = 1;
				DEVELOPMENT_TEAM = 4U2XF38FGM;
				GENERATE_INFOPLIST_FILE = YES;
				MARKETING_VERSION = 1.0;
				PRODUCT_BUNDLE_IDENTIFIER = com.app.EssentialFeedAPIEndToEndTests;
				PRODUCT_NAME = "$(TARGET_NAME)";
				SUPPORTED_PLATFORMS = "iphonesimulator macosx iphoneos";
				SWIFT_EMIT_LOC_STRINGS = NO;
				SWIFT_VERSION = 5.0;
				TARGETED_DEVICE_FAMILY = "1,2";
			};
			name = Debug;
		};
		84899E0827C24A0900335D1A /* Release */ = {
			isa = XCBuildConfiguration;
			buildSettings = {
				CODE_SIGN_STYLE = Automatic;
				CURRENT_PROJECT_VERSION = 1;
				DEVELOPMENT_TEAM = 4U2XF38FGM;
				GENERATE_INFOPLIST_FILE = YES;
				MARKETING_VERSION = 1.0;
				PRODUCT_BUNDLE_IDENTIFIER = com.app.EssentialFeedAPIEndToEndTests;
				PRODUCT_NAME = "$(TARGET_NAME)";
				SUPPORTED_PLATFORMS = "iphonesimulator macosx iphoneos";
				SWIFT_EMIT_LOC_STRINGS = NO;
				SWIFT_VERSION = 5.0;
				TARGETED_DEVICE_FAMILY = "1,2";
			};
			name = Release;
		};
		84DE0C9C27B93F22002108C2 /* Debug */ = {
			isa = XCBuildConfiguration;
			buildSettings = {
				ALWAYS_SEARCH_USER_PATHS = NO;
				CLANG_ANALYZER_LOCALIZABILITY_NONLOCALIZED = YES;
				CLANG_ANALYZER_NONNULL = YES;
				CLANG_ANALYZER_NUMBER_OBJECT_CONVERSION = YES_AGGRESSIVE;
				CLANG_CXX_LANGUAGE_STANDARD = "gnu++17";
				CLANG_CXX_LIBRARY = "libc++";
				CLANG_ENABLE_MODULES = YES;
				CLANG_ENABLE_OBJC_ARC = YES;
				CLANG_ENABLE_OBJC_WEAK = YES;
				CLANG_WARN_BLOCK_CAPTURE_AUTORELEASING = YES;
				CLANG_WARN_BOOL_CONVERSION = YES;
				CLANG_WARN_COMMA = YES;
				CLANG_WARN_CONSTANT_CONVERSION = YES;
				CLANG_WARN_DEPRECATED_OBJC_IMPLEMENTATIONS = YES;
				CLANG_WARN_DIRECT_OBJC_ISA_USAGE = YES_ERROR;
				CLANG_WARN_DOCUMENTATION_COMMENTS = YES;
				CLANG_WARN_EMPTY_BODY = YES;
				CLANG_WARN_ENUM_CONVERSION = YES;
				CLANG_WARN_INFINITE_RECURSION = YES;
				CLANG_WARN_INT_CONVERSION = YES;
				CLANG_WARN_NON_LITERAL_NULL_CONVERSION = YES;
				CLANG_WARN_OBJC_IMPLICIT_RETAIN_SELF = YES;
				CLANG_WARN_OBJC_LITERAL_CONVERSION = YES;
				CLANG_WARN_OBJC_ROOT_CLASS = YES_ERROR;
				CLANG_WARN_QUOTED_INCLUDE_IN_FRAMEWORK_HEADER = YES;
				CLANG_WARN_RANGE_LOOP_ANALYSIS = YES;
				CLANG_WARN_STRICT_PROTOTYPES = YES;
				CLANG_WARN_SUSPICIOUS_MOVE = YES;
				CLANG_WARN_UNGUARDED_AVAILABILITY = YES_AGGRESSIVE;
				CLANG_WARN_UNREACHABLE_CODE = YES;
				CLANG_WARN__DUPLICATE_METHOD_MATCH = YES;
				COPY_PHASE_STRIP = NO;
				CURRENT_PROJECT_VERSION = 1;
				DEBUG_INFORMATION_FORMAT = dwarf;
				ENABLE_STRICT_OBJC_MSGSEND = YES;
				ENABLE_TESTABILITY = YES;
				GCC_C_LANGUAGE_STANDARD = gnu11;
				GCC_DYNAMIC_NO_PIC = NO;
				GCC_NO_COMMON_BLOCKS = YES;
				GCC_OPTIMIZATION_LEVEL = 0;
				GCC_PREPROCESSOR_DEFINITIONS = (
					"DEBUG=1",
					"$(inherited)",
				);
				GCC_WARN_64_TO_32_BIT_CONVERSION = YES;
				GCC_WARN_ABOUT_RETURN_TYPE = YES_ERROR;
				GCC_WARN_UNDECLARED_SELECTOR = YES;
				GCC_WARN_UNINITIALIZED_AUTOS = YES_AGGRESSIVE;
				GCC_WARN_UNUSED_FUNCTION = YES;
				GCC_WARN_UNUSED_VARIABLE = YES;
				IPHONEOS_DEPLOYMENT_TARGET = 12.0;
				MTL_ENABLE_DEBUG_INFO = INCLUDE_SOURCE;
				MTL_FAST_MATH = YES;
				ONLY_ACTIVE_ARCH = YES;
				SDKROOT = iphoneos;
				SWIFT_ACTIVE_COMPILATION_CONDITIONS = DEBUG;
				SWIFT_OPTIMIZATION_LEVEL = "-Onone";
				VERSIONING_SYSTEM = "apple-generic";
				VERSION_INFO_PREFIX = "";
			};
			name = Debug;
		};
		84DE0C9D27B93F22002108C2 /* Release */ = {
			isa = XCBuildConfiguration;
			buildSettings = {
				ALWAYS_SEARCH_USER_PATHS = NO;
				CLANG_ANALYZER_LOCALIZABILITY_NONLOCALIZED = YES;
				CLANG_ANALYZER_NONNULL = YES;
				CLANG_ANALYZER_NUMBER_OBJECT_CONVERSION = YES_AGGRESSIVE;
				CLANG_CXX_LANGUAGE_STANDARD = "gnu++17";
				CLANG_CXX_LIBRARY = "libc++";
				CLANG_ENABLE_MODULES = YES;
				CLANG_ENABLE_OBJC_ARC = YES;
				CLANG_ENABLE_OBJC_WEAK = YES;
				CLANG_WARN_BLOCK_CAPTURE_AUTORELEASING = YES;
				CLANG_WARN_BOOL_CONVERSION = YES;
				CLANG_WARN_COMMA = YES;
				CLANG_WARN_CONSTANT_CONVERSION = YES;
				CLANG_WARN_DEPRECATED_OBJC_IMPLEMENTATIONS = YES;
				CLANG_WARN_DIRECT_OBJC_ISA_USAGE = YES_ERROR;
				CLANG_WARN_DOCUMENTATION_COMMENTS = YES;
				CLANG_WARN_EMPTY_BODY = YES;
				CLANG_WARN_ENUM_CONVERSION = YES;
				CLANG_WARN_INFINITE_RECURSION = YES;
				CLANG_WARN_INT_CONVERSION = YES;
				CLANG_WARN_NON_LITERAL_NULL_CONVERSION = YES;
				CLANG_WARN_OBJC_IMPLICIT_RETAIN_SELF = YES;
				CLANG_WARN_OBJC_LITERAL_CONVERSION = YES;
				CLANG_WARN_OBJC_ROOT_CLASS = YES_ERROR;
				CLANG_WARN_QUOTED_INCLUDE_IN_FRAMEWORK_HEADER = YES;
				CLANG_WARN_RANGE_LOOP_ANALYSIS = YES;
				CLANG_WARN_STRICT_PROTOTYPES = YES;
				CLANG_WARN_SUSPICIOUS_MOVE = YES;
				CLANG_WARN_UNGUARDED_AVAILABILITY = YES_AGGRESSIVE;
				CLANG_WARN_UNREACHABLE_CODE = YES;
				CLANG_WARN__DUPLICATE_METHOD_MATCH = YES;
				COPY_PHASE_STRIP = NO;
				CURRENT_PROJECT_VERSION = 1;
				DEBUG_INFORMATION_FORMAT = "dwarf-with-dsym";
				ENABLE_NS_ASSERTIONS = NO;
				ENABLE_STRICT_OBJC_MSGSEND = YES;
				GCC_C_LANGUAGE_STANDARD = gnu11;
				GCC_NO_COMMON_BLOCKS = YES;
				GCC_WARN_64_TO_32_BIT_CONVERSION = YES;
				GCC_WARN_ABOUT_RETURN_TYPE = YES_ERROR;
				GCC_WARN_UNDECLARED_SELECTOR = YES;
				GCC_WARN_UNINITIALIZED_AUTOS = YES_AGGRESSIVE;
				GCC_WARN_UNUSED_FUNCTION = YES;
				GCC_WARN_UNUSED_VARIABLE = YES;
				IPHONEOS_DEPLOYMENT_TARGET = 12.0;
				MTL_ENABLE_DEBUG_INFO = NO;
				MTL_FAST_MATH = YES;
				SDKROOT = iphoneos;
				SWIFT_COMPILATION_MODE = wholemodule;
				SWIFT_OPTIMIZATION_LEVEL = "-O";
				VALIDATE_PRODUCT = YES;
				VERSIONING_SYSTEM = "apple-generic";
				VERSION_INFO_PREFIX = "";
			};
			name = Release;
		};
		84DE0C9F27B93F22002108C2 /* Debug */ = {
			isa = XCBuildConfiguration;
			buildSettings = {
				CODE_SIGN_STYLE = Automatic;
				CURRENT_PROJECT_VERSION = 1;
				DEFINES_MODULE = YES;
				DEVELOPMENT_TEAM = 4U2XF38FGM;
				DYLIB_COMPATIBILITY_VERSION = 1;
				DYLIB_CURRENT_VERSION = 1;
				DYLIB_INSTALL_NAME_BASE = "@rpath";
				GENERATE_INFOPLIST_FILE = YES;
				INFOPLIST_KEY_NSHumanReadableCopyright = "";
				INSTALL_PATH = "$(LOCAL_LIBRARY_DIR)/Frameworks";
				LD_RUNPATH_SEARCH_PATHS = (
					"$(inherited)",
					"@executable_path/Frameworks",
					"@loader_path/Frameworks",
				);
				MARKETING_VERSION = 1.0;
				PRODUCT_BUNDLE_IDENTIFIER = com.app.EssentialFeed;
				PRODUCT_NAME = "$(TARGET_NAME:c99extidentifier)";
				SKIP_INSTALL = YES;
				SUPPORTED_PLATFORMS = "iphonesimulator macosx iphoneos";
				SWIFT_EMIT_LOC_STRINGS = YES;
				SWIFT_VERSION = 5.0;
				TARGETED_DEVICE_FAMILY = "1,2";
			};
			name = Debug;
		};
		84DE0CA027B93F22002108C2 /* Release */ = {
			isa = XCBuildConfiguration;
			buildSettings = {
				CODE_SIGN_STYLE = Automatic;
				CURRENT_PROJECT_VERSION = 1;
				DEFINES_MODULE = YES;
				DEVELOPMENT_TEAM = 4U2XF38FGM;
				DYLIB_COMPATIBILITY_VERSION = 1;
				DYLIB_CURRENT_VERSION = 1;
				DYLIB_INSTALL_NAME_BASE = "@rpath";
				GENERATE_INFOPLIST_FILE = YES;
				INFOPLIST_KEY_NSHumanReadableCopyright = "";
				INSTALL_PATH = "$(LOCAL_LIBRARY_DIR)/Frameworks";
				LD_RUNPATH_SEARCH_PATHS = (
					"$(inherited)",
					"@executable_path/Frameworks",
					"@loader_path/Frameworks",
				);
				MARKETING_VERSION = 1.0;
				PRODUCT_BUNDLE_IDENTIFIER = com.app.EssentialFeed;
				PRODUCT_NAME = "$(TARGET_NAME:c99extidentifier)";
				SKIP_INSTALL = YES;
				SUPPORTED_PLATFORMS = "iphonesimulator macosx iphoneos";
				SWIFT_EMIT_LOC_STRINGS = YES;
				SWIFT_VERSION = 5.0;
				TARGETED_DEVICE_FAMILY = "1,2";
			};
			name = Release;
		};
		84DE0CA227B93F22002108C2 /* Debug */ = {
			isa = XCBuildConfiguration;
			buildSettings = {
				ALWAYS_EMBED_SWIFT_STANDARD_LIBRARIES = YES;
				CODE_SIGN_STYLE = Automatic;
				CURRENT_PROJECT_VERSION = 1;
				DEVELOPMENT_TEAM = 4U2XF38FGM;
				GENERATE_INFOPLIST_FILE = YES;
				MARKETING_VERSION = 1.0;
				PRODUCT_BUNDLE_IDENTIFIER = com.app.EssentialFeedTests;
				PRODUCT_NAME = "$(TARGET_NAME)";
				SUPPORTED_PLATFORMS = "iphonesimulator iphoneos macosx";
				SWIFT_EMIT_LOC_STRINGS = NO;
				SWIFT_VERSION = 5.0;
				TARGETED_DEVICE_FAMILY = "1,2";
			};
			name = Debug;
		};
		84DE0CA327B93F22002108C2 /* Release */ = {
			isa = XCBuildConfiguration;
			buildSettings = {
				ALWAYS_EMBED_SWIFT_STANDARD_LIBRARIES = YES;
				CODE_SIGN_STYLE = Automatic;
				CURRENT_PROJECT_VERSION = 1;
				DEVELOPMENT_TEAM = 4U2XF38FGM;
				GENERATE_INFOPLIST_FILE = YES;
				MARKETING_VERSION = 1.0;
				PRODUCT_BUNDLE_IDENTIFIER = com.app.EssentialFeedTests;
				PRODUCT_NAME = "$(TARGET_NAME)";
				SUPPORTED_PLATFORMS = "iphonesimulator iphoneos macosx";
				SWIFT_EMIT_LOC_STRINGS = NO;
				SWIFT_VERSION = 5.0;
				TARGETED_DEVICE_FAMILY = "1,2";
			};
			name = Release;
		};
		84E0AA49282F6D6F003FABCD /* Debug */ = {
			isa = XCBuildConfiguration;
			buildSettings = {
				CODE_SIGN_STYLE = Automatic;
				CURRENT_PROJECT_VERSION = 1;
				DEFINES_MODULE = YES;
				DEVELOPMENT_TEAM = 4U2XF38FGM;
				DYLIB_COMPATIBILITY_VERSION = 1;
				DYLIB_CURRENT_VERSION = 1;
				DYLIB_INSTALL_NAME_BASE = "@rpath";
				GENERATE_INFOPLIST_FILE = YES;
				INFOPLIST_KEY_NSHumanReadableCopyright = "";
				INSTALL_PATH = "$(LOCAL_LIBRARY_DIR)/Frameworks";
				IPHONEOS_DEPLOYMENT_TARGET = 15.4;
				LD_RUNPATH_SEARCH_PATHS = (
					"$(inherited)",
					"@executable_path/Frameworks",
					"@loader_path/Frameworks",
				);
				MARKETING_VERSION = 1.0;
				PRODUCT_BUNDLE_IDENTIFIER = com.app.EssentialFeediOS;
				PRODUCT_NAME = "$(TARGET_NAME:c99extidentifier)";
				SKIP_INSTALL = YES;
				SWIFT_EMIT_LOC_STRINGS = YES;
				SWIFT_VERSION = 5.0;
				TARGETED_DEVICE_FAMILY = "1,2";
			};
			name = Debug;
		};
		84E0AA4A282F6D6F003FABCD /* Release */ = {
			isa = XCBuildConfiguration;
			buildSettings = {
				CODE_SIGN_STYLE = Automatic;
				CURRENT_PROJECT_VERSION = 1;
				DEFINES_MODULE = YES;
				DEVELOPMENT_TEAM = 4U2XF38FGM;
				DYLIB_COMPATIBILITY_VERSION = 1;
				DYLIB_CURRENT_VERSION = 1;
				DYLIB_INSTALL_NAME_BASE = "@rpath";
				GENERATE_INFOPLIST_FILE = YES;
				INFOPLIST_KEY_NSHumanReadableCopyright = "";
				INSTALL_PATH = "$(LOCAL_LIBRARY_DIR)/Frameworks";
				IPHONEOS_DEPLOYMENT_TARGET = 15.4;
				LD_RUNPATH_SEARCH_PATHS = (
					"$(inherited)",
					"@executable_path/Frameworks",
					"@loader_path/Frameworks",
				);
				MARKETING_VERSION = 1.0;
				PRODUCT_BUNDLE_IDENTIFIER = com.app.EssentialFeediOS;
				PRODUCT_NAME = "$(TARGET_NAME:c99extidentifier)";
				SKIP_INSTALL = YES;
				SWIFT_EMIT_LOC_STRINGS = YES;
				SWIFT_VERSION = 5.0;
				TARGETED_DEVICE_FAMILY = "1,2";
			};
			name = Release;
		};
		84E0AA4C282F6D6F003FABCD /* Debug */ = {
			isa = XCBuildConfiguration;
			buildSettings = {
				ALWAYS_EMBED_SWIFT_STANDARD_LIBRARIES = YES;
				CLANG_ENABLE_MODULES = YES;
				CODE_SIGN_STYLE = Automatic;
				CURRENT_PROJECT_VERSION = 1;
				DEVELOPMENT_TEAM = 4U2XF38FGM;
				GENERATE_INFOPLIST_FILE = YES;
				IPHONEOS_DEPLOYMENT_TARGET = 15.4;
				LD_RUNPATH_SEARCH_PATHS = (
					"$(inherited)",
					"@executable_path/Frameworks",
					"@loader_path/Frameworks",
				);
				MARKETING_VERSION = 1.0;
				PRODUCT_BUNDLE_IDENTIFIER = com.app.EssentialFeediOSTests;
				PRODUCT_NAME = "$(TARGET_NAME)";
				SWIFT_EMIT_LOC_STRINGS = NO;
				SWIFT_OPTIMIZATION_LEVEL = "-Onone";
				SWIFT_VERSION = 5.0;
				TARGETED_DEVICE_FAMILY = "1,2";
			};
			name = Debug;
		};
		84E0AA4D282F6D6F003FABCD /* Release */ = {
			isa = XCBuildConfiguration;
			buildSettings = {
				ALWAYS_EMBED_SWIFT_STANDARD_LIBRARIES = YES;
				CLANG_ENABLE_MODULES = YES;
				CODE_SIGN_STYLE = Automatic;
				CURRENT_PROJECT_VERSION = 1;
				DEVELOPMENT_TEAM = 4U2XF38FGM;
				GENERATE_INFOPLIST_FILE = YES;
				IPHONEOS_DEPLOYMENT_TARGET = 15.4;
				LD_RUNPATH_SEARCH_PATHS = (
					"$(inherited)",
					"@executable_path/Frameworks",
					"@loader_path/Frameworks",
				);
				MARKETING_VERSION = 1.0;
				PRODUCT_BUNDLE_IDENTIFIER = com.app.EssentialFeediOSTests;
				PRODUCT_NAME = "$(TARGET_NAME)";
				SWIFT_EMIT_LOC_STRINGS = NO;
				SWIFT_VERSION = 5.0;
				TARGETED_DEVICE_FAMILY = "1,2";
			};
			name = Release;
		};
/* End XCBuildConfiguration section */

/* Begin XCConfigurationList section */
		84899E0927C24A0900335D1A /* Build configuration list for PBXNativeTarget "EssentialFeedAPIEndToEndTests" */ = {
			isa = XCConfigurationList;
			buildConfigurations = (
				84899E0727C24A0900335D1A /* Debug */,
				84899E0827C24A0900335D1A /* Release */,
			);
			defaultConfigurationIsVisible = 0;
			defaultConfigurationName = Release;
		};
		84DE0C8427B93F22002108C2 /* Build configuration list for PBXProject "EssentialFeed" */ = {
			isa = XCConfigurationList;
			buildConfigurations = (
				84DE0C9C27B93F22002108C2 /* Debug */,
				84DE0C9D27B93F22002108C2 /* Release */,
			);
			defaultConfigurationIsVisible = 0;
			defaultConfigurationName = Release;
		};
		84DE0C9E27B93F22002108C2 /* Build configuration list for PBXNativeTarget "EssentialFeed" */ = {
			isa = XCConfigurationList;
			buildConfigurations = (
				84DE0C9F27B93F22002108C2 /* Debug */,
				84DE0CA027B93F22002108C2 /* Release */,
			);
			defaultConfigurationIsVisible = 0;
			defaultConfigurationName = Release;
		};
		84DE0CA127B93F22002108C2 /* Build configuration list for PBXNativeTarget "EssentialFeedTests" */ = {
			isa = XCConfigurationList;
			buildConfigurations = (
				84DE0CA227B93F22002108C2 /* Debug */,
				84DE0CA327B93F22002108C2 /* Release */,
			);
			defaultConfigurationIsVisible = 0;
			defaultConfigurationName = Release;
		};
		84E0AA48282F6D6F003FABCD /* Build configuration list for PBXNativeTarget "EssentialFeediOS" */ = {
			isa = XCConfigurationList;
			buildConfigurations = (
				84E0AA49282F6D6F003FABCD /* Debug */,
				84E0AA4A282F6D6F003FABCD /* Release */,
			);
			defaultConfigurationIsVisible = 0;
			defaultConfigurationName = Release;
		};
		84E0AA4B282F6D6F003FABCD /* Build configuration list for PBXNativeTarget "EssentialFeediOSTests" */ = {
			isa = XCConfigurationList;
			buildConfigurations = (
				84E0AA4C282F6D6F003FABCD /* Debug */,
				84E0AA4D282F6D6F003FABCD /* Release */,
			);
			defaultConfigurationIsVisible = 0;
			defaultConfigurationName = Release;
		};
/* End XCConfigurationList section */
	};
	rootObject = 84DE0C8127B93F22002108C2 /* Project object */;
}
